// !$*UTF8*$!
{
	archiveVersion = 1;
	classes = {
	};
	objectVersion = 56;
	objects = {

/* Begin PBXBuildFile section */
		8829CBB92B1E29610071C5CA /* CardMovementModifier.swift in Sources */ = {isa = PBXBuildFile; fileRef = 8829CBB82B1E29610071C5CA /* CardMovementModifier.swift */; };
		8829CBBB2B1E2EB30071C5CA /* CardStudyPage_Middle_Card_Detail.swift in Sources */ = {isa = PBXBuildFile; fileRef = 8829CBBA2B1E2EB30071C5CA /* CardStudyPage_Middle_Card_Detail.swift */; };
		8829CBBD2B1E2EC50071C5CA /* CardStudyPage_Middle_Card_Quiz.swift in Sources */ = {isa = PBXBuildFile; fileRef = 8829CBBC2B1E2EC50071C5CA /* CardStudyPage_Middle_Card_Quiz.swift */; };
		8829CBBF2B1F003D0071C5CA /* CardStudyPage_Middle_Card.swift in Sources */ = {isa = PBXBuildFile; fileRef = 8829CBBE2B1F003D0071C5CA /* CardStudyPage_Middle_Card.swift */; };
		8829CBC12B1F1B570071C5CA /* CardStudyPageViewModel.swift in Sources */ = {isa = PBXBuildFile; fileRef = 8829CBC02B1F1B570071C5CA /* CardStudyPageViewModel.swift */; };
		8829CBDF2B1F3B8C0071C5CA /* HistoryPage.swift in Sources */ = {isa = PBXBuildFile; fileRef = 8829CBDE2B1F3B8C0071C5CA /* HistoryPage.swift */; };
		8829CBE32B1F3CA50071C5CA /* CardsPage_Middle_CardScroll.swift in Sources */ = {isa = PBXBuildFile; fileRef = 8829CBE22B1F3CA50071C5CA /* CardsPage_Middle_CardScroll.swift */; };
		8829CBE52B1F44730071C5CA /* CardsPage.swift in Sources */ = {isa = PBXBuildFile; fileRef = 8829CBE42B1F44730071C5CA /* CardsPage.swift */; };
		8829CBE72B1F44B70071C5CA /* CardsPage_Middle_FilterSort.swift in Sources */ = {isa = PBXBuildFile; fileRef = 8829CBE62B1F44B70071C5CA /* CardsPage_Middle_FilterSort.swift */; };
		8829CBEB2B1F44CF0071C5CA /* CardsPage_Top.swift in Sources */ = {isa = PBXBuildFile; fileRef = 8829CBEA2B1F44CF0071C5CA /* CardsPage_Top.swift */; };
		8829CBED2B1F46840071C5CA /* CardsPage_VM.swift in Sources */ = {isa = PBXBuildFile; fileRef = 8829CBEC2B1F46840071C5CA /* CardsPage_VM.swift */; };
		8829CBEF2B1F6F6C0071C5CA /* CardsPage_Middle_CardView.swift in Sources */ = {isa = PBXBuildFile; fileRef = 8829CBEE2B1F6F6C0071C5CA /* CardsPage_Middle_CardView.swift */; };
		888B57D22B1DAA9600117801 /* RootView.swift in Sources */ = {isa = PBXBuildFile; fileRef = 888B57B12B1DAA9600117801 /* RootView.swift */; };
		888B57D32B1DAA9600117801 /* MainPage.swift in Sources */ = {isa = PBXBuildFile; fileRef = 888B57B32B1DAA9600117801 /* MainPage.swift */; };
		888B57D42B1DAA9600117801 /* MainPage_Middle.swift in Sources */ = {isa = PBXBuildFile; fileRef = 888B57B42B1DAA9600117801 /* MainPage_Middle.swift */; };
		888B57D52B1DAA9600117801 /* MainPage_Middle_WeekChart.swift in Sources */ = {isa = PBXBuildFile; fileRef = 888B57B52B1DAA9600117801 /* MainPage_Middle_WeekChart.swift */; };
		888B57D62B1DAA9600117801 /* MainPage_Bottom_NextWord.swift in Sources */ = {isa = PBXBuildFile; fileRef = 888B57B62B1DAA9600117801 /* MainPage_Bottom_NextWord.swift */; };
		888B57D72B1DAA9600117801 /* MainPage_Top.swift in Sources */ = {isa = PBXBuildFile; fileRef = 888B57B72B1DAA9600117801 /* MainPage_Top.swift */; };
		888B57D82B1DAA9600117801 /* SampleModelContainer.swift in Sources */ = {isa = PBXBuildFile; fileRef = 888B57B82B1DAA9600117801 /* SampleModelContainer.swift */; };
		888B57D92B1DAA9600117801 /* Assets.xcassets in Resources */ = {isa = PBXBuildFile; fileRef = 888B57B92B1DAA9600117801 /* Assets.xcassets */; };
		888B57DA2B1DAA9600117801 /* Int+.swift in Sources */ = {isa = PBXBuildFile; fileRef = 888B57BB2B1DAA9600117801 /* Int+.swift */; };
		888B57DB2B1DAA9600117801 /* Array+.swift in Sources */ = {isa = PBXBuildFile; fileRef = 888B57BC2B1DAA9600117801 /* Array+.swift */; };
		888B57DC2B1DAA9600117801 /* Date+.swift in Sources */ = {isa = PBXBuildFile; fileRef = 888B57BD2B1DAA9600117801 /* Date+.swift */; };
		888B57DD2B1DAA9600117801 /* Array+CardDataModel.swift in Sources */ = {isa = PBXBuildFile; fileRef = 888B57BE2B1DAA9600117801 /* Array+CardDataModel.swift */; };
		888B57DE2B1DAA9600117801 /* ReviewData.swift in Sources */ = {isa = PBXBuildFile; fileRef = 888B57C12B1DAA9600117801 /* ReviewData.swift */; };
		888B57DF2B1DAA9600117801 /* CardData.swift in Sources */ = {isa = PBXBuildFile; fileRef = 888B57C22B1DAA9600117801 /* CardData.swift */; };
		888B57E02B1DAA9600117801 /* CardDataModel+Sample.swift in Sources */ = {isa = PBXBuildFile; fileRef = 888B57C32B1DAA9600117801 /* CardDataModel+Sample.swift */; };
		888B57E12B1DAA9600117801 /* ReviewResultDataModel+Samples.swift in Sources */ = {isa = PBXBuildFile; fileRef = 888B57C42B1DAA9600117801 /* ReviewResultDataModel+Samples.swift */; };
		888B57E22B1DAA9600117801 /* ExampleData.swift in Sources */ = {isa = PBXBuildFile; fileRef = 888B57C62B1DAA9600117801 /* ExampleData.swift */; };
		888B57E32B1DAA9600117801 /* WordData.swift in Sources */ = {isa = PBXBuildFile; fileRef = 888B57C72B1DAA9600117801 /* WordData.swift */; };
		888B57E42B1DAA9700117801 /* QuizData.swift in Sources */ = {isa = PBXBuildFile; fileRef = 888B57C82B1DAA9600117801 /* QuizData.swift */; };
		888B57E52B1DAA9700117801 /* IllustrationData.swift in Sources */ = {isa = PBXBuildFile; fileRef = 888B57C92B1DAA9600117801 /* IllustrationData.swift */; };
		888B57E62B1DAA9700117801 /* MeaningData.swift in Sources */ = {isa = PBXBuildFile; fileRef = 888B57CA2B1DAA9600117801 /* MeaningData.swift */; };
		888B57E72B1DAA9700117801 /* Preview Assets.xcassets in Resources */ = {isa = PBXBuildFile; fileRef = 888B57CC2B1DAA9600117801 /* Preview Assets.xcassets */; };
		888B57E82B1DAA9700117801 /* vocardApp.swift in Sources */ = {isa = PBXBuildFile; fileRef = 888B57CD2B1DAA9600117801 /* vocardApp.swift */; };
		888B57F02B1DB53500117801 /* CardStudyPage_Top.swift in Sources */ = {isa = PBXBuildFile; fileRef = 888B57EB2B1DB53500117801 /* CardStudyPage_Top.swift */; };
		888B57F12B1DB53500117801 /* CardStudyPage_Bottom.swift in Sources */ = {isa = PBXBuildFile; fileRef = 888B57EC2B1DB53500117801 /* CardStudyPage_Bottom.swift */; };
		888B57F22B1DB53500117801 /* CardStudyPage_Middle_Card_Front.swift in Sources */ = {isa = PBXBuildFile; fileRef = 888B57ED2B1DB53500117801 /* CardStudyPage_Middle_Card_Front.swift */; };
		888B57F32B1DB53500117801 /* CardStudyPage_Middle.swift in Sources */ = {isa = PBXBuildFile; fileRef = 888B57EE2B1DB53500117801 /* CardStudyPage_Middle.swift */; };
		888B57F42B1DB53500117801 /* CardStudyPage.swift in Sources */ = {isa = PBXBuildFile; fileRef = 888B57EF2B1DB53500117801 /* CardStudyPage.swift */; };
		88A7E8B32B1FBE8F00D6F570 /* QuizData+Predicate.swift in Sources */ = {isa = PBXBuildFile; fileRef = 88A7E8B22B1FBE8F00D6F570 /* QuizData+Predicate.swift */; };
		88C953D02B1FAD290037DB1F /* CardDataModel+Predicate.swift in Sources */ = {isa = PBXBuildFile; fileRef = 88C953CF2B1FAD290037DB1F /* CardDataModel+Predicate.swift */; };
		88C953D22B1FAD810037DB1F /* MeaningData+Predicate.swift in Sources */ = {isa = PBXBuildFile; fileRef = 88C953D12B1FAD810037DB1F /* MeaningData+Predicate.swift */; };
		88C953D42B1FADD70037DB1F /* WordData+Predicate.swift in Sources */ = {isa = PBXBuildFile; fileRef = 88C953D32B1FADD70037DB1F /* WordData+Predicate.swift */; };
/* End PBXBuildFile section */

/* Begin PBXFileReference section */
		8829CBB82B1E29610071C5CA /* CardMovementModifier.swift */ = {isa = PBXFileReference; lastKnownFileType = sourcecode.swift; path = CardMovementModifier.swift; sourceTree = "<group>"; };
		8829CBBA2B1E2EB30071C5CA /* CardStudyPage_Middle_Card_Detail.swift */ = {isa = PBXFileReference; lastKnownFileType = sourcecode.swift; path = CardStudyPage_Middle_Card_Detail.swift; sourceTree = "<group>"; };
		8829CBBC2B1E2EC50071C5CA /* CardStudyPage_Middle_Card_Quiz.swift */ = {isa = PBXFileReference; lastKnownFileType = sourcecode.swift; path = CardStudyPage_Middle_Card_Quiz.swift; sourceTree = "<group>"; };
		8829CBBE2B1F003D0071C5CA /* CardStudyPage_Middle_Card.swift */ = {isa = PBXFileReference; lastKnownFileType = sourcecode.swift; path = CardStudyPage_Middle_Card.swift; sourceTree = "<group>"; };
		8829CBC02B1F1B570071C5CA /* CardStudyPageViewModel.swift */ = {isa = PBXFileReference; lastKnownFileType = sourcecode.swift; path = CardStudyPageViewModel.swift; sourceTree = "<group>"; };
		8829CBDE2B1F3B8C0071C5CA /* HistoryPage.swift */ = {isa = PBXFileReference; lastKnownFileType = sourcecode.swift; path = HistoryPage.swift; sourceTree = "<group>"; };
		8829CBE22B1F3CA50071C5CA /* CardsPage_Middle_CardScroll.swift */ = {isa = PBXFileReference; lastKnownFileType = sourcecode.swift; path = CardsPage_Middle_CardScroll.swift; sourceTree = "<group>"; };
		8829CBE42B1F44730071C5CA /* CardsPage.swift */ = {isa = PBXFileReference; lastKnownFileType = sourcecode.swift; path = CardsPage.swift; sourceTree = "<group>"; };
		8829CBE62B1F44B70071C5CA /* CardsPage_Middle_FilterSort.swift */ = {isa = PBXFileReference; lastKnownFileType = sourcecode.swift; path = CardsPage_Middle_FilterSort.swift; sourceTree = "<group>"; };
		8829CBEA2B1F44CF0071C5CA /* CardsPage_Top.swift */ = {isa = PBXFileReference; lastKnownFileType = sourcecode.swift; path = CardsPage_Top.swift; sourceTree = "<group>"; };
		8829CBEC2B1F46840071C5CA /* CardsPage_VM.swift */ = {isa = PBXFileReference; lastKnownFileType = sourcecode.swift; path = CardsPage_VM.swift; sourceTree = "<group>"; };
		8829CBEE2B1F6F6C0071C5CA /* CardsPage_Middle_CardView.swift */ = {isa = PBXFileReference; lastKnownFileType = sourcecode.swift; path = CardsPage_Middle_CardView.swift; sourceTree = "<group>"; };
		883327252AE219E7003D3E6F /* vocard.app */ = {isa = PBXFileReference; explicitFileType = wrapper.application; includeInIndex = 0; path = vocard.app; sourceTree = BUILT_PRODUCTS_DIR; };
		888B57AA2B1DAA9600117801 /* vocard-Bridging-Header.h */ = {isa = PBXFileReference; lastKnownFileType = sourcecode.c.h; path = "vocard-Bridging-Header.h"; sourceTree = "<group>"; };
		888B57B12B1DAA9600117801 /* RootView.swift */ = {isa = PBXFileReference; fileEncoding = 4; lastKnownFileType = sourcecode.swift; path = RootView.swift; sourceTree = "<group>"; };
		888B57B32B1DAA9600117801 /* MainPage.swift */ = {isa = PBXFileReference; fileEncoding = 4; lastKnownFileType = sourcecode.swift; path = MainPage.swift; sourceTree = "<group>"; };
		888B57B42B1DAA9600117801 /* MainPage_Middle.swift */ = {isa = PBXFileReference; fileEncoding = 4; lastKnownFileType = sourcecode.swift; path = MainPage_Middle.swift; sourceTree = "<group>"; };
		888B57B52B1DAA9600117801 /* MainPage_Middle_WeekChart.swift */ = {isa = PBXFileReference; fileEncoding = 4; lastKnownFileType = sourcecode.swift; path = MainPage_Middle_WeekChart.swift; sourceTree = "<group>"; };
		888B57B62B1DAA9600117801 /* MainPage_Bottom_NextWord.swift */ = {isa = PBXFileReference; fileEncoding = 4; lastKnownFileType = sourcecode.swift; path = MainPage_Bottom_NextWord.swift; sourceTree = "<group>"; };
		888B57B72B1DAA9600117801 /* MainPage_Top.swift */ = {isa = PBXFileReference; fileEncoding = 4; lastKnownFileType = sourcecode.swift; path = MainPage_Top.swift; sourceTree = "<group>"; };
		888B57B82B1DAA9600117801 /* SampleModelContainer.swift */ = {isa = PBXFileReference; fileEncoding = 4; lastKnownFileType = sourcecode.swift; path = SampleModelContainer.swift; sourceTree = "<group>"; };
		888B57B92B1DAA9600117801 /* Assets.xcassets */ = {isa = PBXFileReference; lastKnownFileType = folder.assetcatalog; path = Assets.xcassets; sourceTree = "<group>"; };
		888B57BB2B1DAA9600117801 /* Int+.swift */ = {isa = PBXFileReference; fileEncoding = 4; lastKnownFileType = sourcecode.swift; path = "Int+.swift"; sourceTree = "<group>"; };
		888B57BC2B1DAA9600117801 /* Array+.swift */ = {isa = PBXFileReference; fileEncoding = 4; lastKnownFileType = sourcecode.swift; path = "Array+.swift"; sourceTree = "<group>"; };
		888B57BD2B1DAA9600117801 /* Date+.swift */ = {isa = PBXFileReference; fileEncoding = 4; lastKnownFileType = sourcecode.swift; path = "Date+.swift"; sourceTree = "<group>"; };
		888B57BE2B1DAA9600117801 /* Array+CardDataModel.swift */ = {isa = PBXFileReference; fileEncoding = 4; lastKnownFileType = sourcecode.swift; path = "Array+CardDataModel.swift"; sourceTree = "<group>"; };
		888B57C12B1DAA9600117801 /* ReviewData.swift */ = {isa = PBXFileReference; fileEncoding = 4; lastKnownFileType = sourcecode.swift; path = ReviewData.swift; sourceTree = "<group>"; };
		888B57C22B1DAA9600117801 /* CardData.swift */ = {isa = PBXFileReference; fileEncoding = 4; lastKnownFileType = sourcecode.swift; path = CardData.swift; sourceTree = "<group>"; };
		888B57C32B1DAA9600117801 /* CardDataModel+Sample.swift */ = {isa = PBXFileReference; fileEncoding = 4; lastKnownFileType = sourcecode.swift; path = "CardDataModel+Sample.swift"; sourceTree = "<group>"; };
		888B57C42B1DAA9600117801 /* ReviewResultDataModel+Samples.swift */ = {isa = PBXFileReference; fileEncoding = 4; lastKnownFileType = sourcecode.swift; path = "ReviewResultDataModel+Samples.swift"; sourceTree = "<group>"; };
		888B57C62B1DAA9600117801 /* ExampleData.swift */ = {isa = PBXFileReference; fileEncoding = 4; lastKnownFileType = sourcecode.swift; path = ExampleData.swift; sourceTree = "<group>"; };
		888B57C72B1DAA9600117801 /* WordData.swift */ = {isa = PBXFileReference; fileEncoding = 4; lastKnownFileType = sourcecode.swift; path = WordData.swift; sourceTree = "<group>"; };
		888B57C82B1DAA9600117801 /* QuizData.swift */ = {isa = PBXFileReference; fileEncoding = 4; lastKnownFileType = sourcecode.swift; path = QuizData.swift; sourceTree = "<group>"; };
		888B57C92B1DAA9600117801 /* IllustrationData.swift */ = {isa = PBXFileReference; fileEncoding = 4; lastKnownFileType = sourcecode.swift; path = IllustrationData.swift; sourceTree = "<group>"; };
		888B57CA2B1DAA9600117801 /* MeaningData.swift */ = {isa = PBXFileReference; fileEncoding = 4; lastKnownFileType = sourcecode.swift; path = MeaningData.swift; sourceTree = "<group>"; };
		888B57CC2B1DAA9600117801 /* Preview Assets.xcassets */ = {isa = PBXFileReference; lastKnownFileType = folder.assetcatalog; path = "Preview Assets.xcassets"; sourceTree = "<group>"; };
		888B57CD2B1DAA9600117801 /* vocardApp.swift */ = {isa = PBXFileReference; fileEncoding = 4; lastKnownFileType = sourcecode.swift; path = vocardApp.swift; sourceTree = "<group>"; };
		888B57EB2B1DB53500117801 /* CardStudyPage_Top.swift */ = {isa = PBXFileReference; fileEncoding = 4; lastKnownFileType = sourcecode.swift; path = CardStudyPage_Top.swift; sourceTree = "<group>"; };
		888B57EC2B1DB53500117801 /* CardStudyPage_Bottom.swift */ = {isa = PBXFileReference; fileEncoding = 4; lastKnownFileType = sourcecode.swift; path = CardStudyPage_Bottom.swift; sourceTree = "<group>"; };
		888B57ED2B1DB53500117801 /* CardStudyPage_Middle_Card_Front.swift */ = {isa = PBXFileReference; fileEncoding = 4; lastKnownFileType = sourcecode.swift; path = CardStudyPage_Middle_Card_Front.swift; sourceTree = "<group>"; };
		888B57EE2B1DB53500117801 /* CardStudyPage_Middle.swift */ = {isa = PBXFileReference; fileEncoding = 4; lastKnownFileType = sourcecode.swift; path = CardStudyPage_Middle.swift; sourceTree = "<group>"; };
		888B57EF2B1DB53500117801 /* CardStudyPage.swift */ = {isa = PBXFileReference; fileEncoding = 4; lastKnownFileType = sourcecode.swift; path = CardStudyPage.swift; sourceTree = "<group>"; };
		88A7E8B22B1FBE8F00D6F570 /* QuizData+Predicate.swift */ = {isa = PBXFileReference; lastKnownFileType = sourcecode.swift; path = "QuizData+Predicate.swift"; sourceTree = "<group>"; };
		88C953CF2B1FAD290037DB1F /* CardDataModel+Predicate.swift */ = {isa = PBXFileReference; lastKnownFileType = sourcecode.swift; path = "CardDataModel+Predicate.swift"; sourceTree = "<group>"; };
		88C953D12B1FAD810037DB1F /* MeaningData+Predicate.swift */ = {isa = PBXFileReference; lastKnownFileType = sourcecode.swift; path = "MeaningData+Predicate.swift"; sourceTree = "<group>"; };
		88C953D32B1FADD70037DB1F /* WordData+Predicate.swift */ = {isa = PBXFileReference; lastKnownFileType = sourcecode.swift; path = "WordData+Predicate.swift"; sourceTree = "<group>"; };
/* End PBXFileReference section */

/* Begin PBXFrameworksBuildPhase section */
		883327222AE219E7003D3E6F /* Frameworks */ = {
			isa = PBXFrameworksBuildPhase;
			buildActionMask = 2147483647;
			files = (
			);
			runOnlyForDeploymentPostprocessing = 0;
		};
/* End PBXFrameworksBuildPhase section */

/* Begin PBXGroup section */
		8829CBE02B1F3B8E0071C5CA /* HistoryPage */ = {
			isa = PBXGroup;
			children = (
				8829CBDE2B1F3B8C0071C5CA /* HistoryPage.swift */,
			);
			path = HistoryPage;
			sourceTree = "<group>";
		};
		8829CBE12B1F3C960071C5CA /* CardsPage */ = {
			isa = PBXGroup;
			children = (
				8829CBEC2B1F46840071C5CA /* CardsPage_VM.swift */,
				8829CBE42B1F44730071C5CA /* CardsPage.swift */,
				8829CBEA2B1F44CF0071C5CA /* CardsPage_Top.swift */,
				8829CBE22B1F3CA50071C5CA /* CardsPage_Middle_CardScroll.swift */,
				8829CBEE2B1F6F6C0071C5CA /* CardsPage_Middle_CardView.swift */,
				8829CBE62B1F44B70071C5CA /* CardsPage_Middle_FilterSort.swift */,
			);
			path = CardsPage;
			sourceTree = "<group>";
		};
		8833271C2AE219E7003D3E6F = {
			isa = PBXGroup;
			children = (
				883327272AE219E7003D3E6F /* vocard */,
				883327262AE219E7003D3E6F /* Products */,
			);
			sourceTree = "<group>";
		};
		883327262AE219E7003D3E6F /* Products */ = {
			isa = PBXGroup;
			children = (
				883327252AE219E7003D3E6F /* vocard.app */,
			);
			name = Products;
			sourceTree = "<group>";
		};
		883327272AE219E7003D3E6F /* vocard */ = {
			isa = PBXGroup;
			children = (
				888B57CD2B1DAA9600117801 /* vocardApp.swift */,
				888B57B82B1DAA9600117801 /* SampleModelContainer.swift */,
				888B57B12B1DAA9600117801 /* RootView.swift */,
				888B57B92B1DAA9600117801 /* Assets.xcassets */,
				888B57BF2B1DAA9600117801 /* SwiftData_DataModel */,
				888B57BA2B1DAA9600117801 /* Extensions */,
				888B57AB2B1DAA9600117801 /* Pages */,
				888B57CB2B1DAA9600117801 /* Preview Content */,
				888B57AA2B1DAA9600117801 /* vocard-Bridging-Header.h */,
			);
			path = vocard;
			sourceTree = "<group>";
		};
		888B57AB2B1DAA9600117801 /* Pages */ = {
			isa = PBXGroup;
			children = (
				8829CBE12B1F3C960071C5CA /* CardsPage */,
				888B57AC2B1DAA9600117801 /* CardStudyPage */,
				888B57B22B1DAA9600117801 /* MainPage */,
				8829CBE02B1F3B8E0071C5CA /* HistoryPage */,
			);
			path = Pages;
			sourceTree = "<group>";
		};
		888B57AC2B1DAA9600117801 /* CardStudyPage */ = {
			isa = PBXGroup;
			children = (
				8829CBC02B1F1B570071C5CA /* CardStudyPageViewModel.swift */,
				888B57EF2B1DB53500117801 /* CardStudyPage.swift */,
				888B57EB2B1DB53500117801 /* CardStudyPage_Top.swift */,
				8829CBB82B1E29610071C5CA /* CardMovementModifier.swift */,
				888B57EE2B1DB53500117801 /* CardStudyPage_Middle.swift */,
				8829CBBE2B1F003D0071C5CA /* CardStudyPage_Middle_Card.swift */,
				8829CBBA2B1E2EB30071C5CA /* CardStudyPage_Middle_Card_Detail.swift */,
				8829CBBC2B1E2EC50071C5CA /* CardStudyPage_Middle_Card_Quiz.swift */,
				888B57ED2B1DB53500117801 /* CardStudyPage_Middle_Card_Front.swift */,
				888B57EC2B1DB53500117801 /* CardStudyPage_Bottom.swift */,
			);
			path = CardStudyPage;
			sourceTree = "<group>";
		};
		888B57B22B1DAA9600117801 /* MainPage */ = {
			isa = PBXGroup;
			children = (
				888B57B32B1DAA9600117801 /* MainPage.swift */,
				888B57B42B1DAA9600117801 /* MainPage_Middle.swift */,
				888B57B52B1DAA9600117801 /* MainPage_Middle_WeekChart.swift */,
				888B57B62B1DAA9600117801 /* MainPage_Bottom_NextWord.swift */,
				888B57B72B1DAA9600117801 /* MainPage_Top.swift */,
			);
			path = MainPage;
			sourceTree = "<group>";
		};
		888B57BA2B1DAA9600117801 /* Extensions */ = {
			isa = PBXGroup;
			children = (
				888B57BB2B1DAA9600117801 /* Int+.swift */,
				888B57BC2B1DAA9600117801 /* Array+.swift */,
				888B57BD2B1DAA9600117801 /* Date+.swift */,
				888B57BE2B1DAA9600117801 /* Array+CardDataModel.swift */,
			);
			path = Extensions;
			sourceTree = "<group>";
		};
		888B57BF2B1DAA9600117801 /* SwiftData_DataModel */ = {
			isa = PBXGroup;
			children = (
				888B57C02B1DAA9600117801 /* User_Data */,
				888B57C52B1DAA9600117801 /* Non_User_Data */,
			);
			path = SwiftData_DataModel;
			sourceTree = "<group>";
		};
		888B57C02B1DAA9600117801 /* User_Data */ = {
			isa = PBXGroup;
			children = (
				888B57C12B1DAA9600117801 /* ReviewData.swift */,
				888B57C42B1DAA9600117801 /* ReviewResultDataModel+Samples.swift */,
				888B57C22B1DAA9600117801 /* CardData.swift */,
				88C953CF2B1FAD290037DB1F /* CardDataModel+Predicate.swift */,
				888B57C32B1DAA9600117801 /* CardDataModel+Sample.swift */,
			);
			path = User_Data;
			sourceTree = "<group>";
		};
		888B57C52B1DAA9600117801 /* Non_User_Data */ = {
			isa = PBXGroup;
			children = (
				888B57C72B1DAA9600117801 /* WordData.swift */,
				88C953D32B1FADD70037DB1F /* WordData+Predicate.swift */,
				888B57CA2B1DAA9600117801 /* MeaningData.swift */,
				88C953D12B1FAD810037DB1F /* MeaningData+Predicate.swift */,
				888B57C82B1DAA9600117801 /* QuizData.swift */,
				88A7E8B22B1FBE8F00D6F570 /* QuizData+Predicate.swift */,
				888B57C62B1DAA9600117801 /* ExampleData.swift */,
				888B57C92B1DAA9600117801 /* IllustrationData.swift */,
			);
			path = Non_User_Data;
			sourceTree = "<group>";
		};
		888B57CB2B1DAA9600117801 /* Preview Content */ = {
			isa = PBXGroup;
			children = (
				888B57CC2B1DAA9600117801 /* Preview Assets.xcassets */,
			);
			path = "Preview Content";
			sourceTree = "<group>";
		};
/* End PBXGroup section */

/* Begin PBXNativeTarget section */
		883327242AE219E7003D3E6F /* vocard */ = {
			isa = PBXNativeTarget;
			buildConfigurationList = 883327352AE219E8003D3E6F /* Build configuration list for PBXNativeTarget "vocard" */;
			buildPhases = (
				883327212AE219E7003D3E6F /* Sources */,
				883327222AE219E7003D3E6F /* Frameworks */,
				883327232AE219E7003D3E6F /* Resources */,
			);
			buildRules = (
			);
			dependencies = (
			);
			name = vocard;
			productName = vocard;
			productReference = 883327252AE219E7003D3E6F /* vocard.app */;
			productType = "com.apple.product-type.application";
		};
/* End PBXNativeTarget section */

/* Begin PBXProject section */
		8833271D2AE219E7003D3E6F /* Project object */ = {
			isa = PBXProject;
			attributes = {
				BuildIndependentTargetsInParallel = 1;
				LastSwiftUpdateCheck = 1500;
				LastUpgradeCheck = 1500;
				TargetAttributes = {
					883327242AE219E7003D3E6F = {
						CreatedOnToolsVersion = 15.0;
						LastSwiftMigration = 1510;
					};
				};
			};
			buildConfigurationList = 883327202AE219E7003D3E6F /* Build configuration list for PBXProject "vocard" */;
			compatibilityVersion = "Xcode 14.0";
			developmentRegion = en;
			hasScannedForEncodings = 0;
			knownRegions = (
				en,
				Base,
			);
			mainGroup = 8833271C2AE219E7003D3E6F;
			productRefGroup = 883327262AE219E7003D3E6F /* Products */;
			projectDirPath = "";
			projectRoot = "";
			targets = (
				883327242AE219E7003D3E6F /* vocard */,
			);
		};
/* End PBXProject section */

/* Begin PBXResourcesBuildPhase section */
		883327232AE219E7003D3E6F /* Resources */ = {
			isa = PBXResourcesBuildPhase;
			buildActionMask = 2147483647;
			files = (
				888B57E72B1DAA9700117801 /* Preview Assets.xcassets in Resources */,
				888B57D92B1DAA9600117801 /* Assets.xcassets in Resources */,
			);
			runOnlyForDeploymentPostprocessing = 0;
		};
/* End PBXResourcesBuildPhase section */

/* Begin PBXSourcesBuildPhase section */
		883327212AE219E7003D3E6F /* Sources */ = {
			isa = PBXSourcesBuildPhase;
			buildActionMask = 2147483647;
			files = (
				888B57F32B1DB53500117801 /* CardStudyPage_Middle.swift in Sources */,
				888B57E12B1DAA9600117801 /* ReviewResultDataModel+Samples.swift in Sources */,
				8829CBBD2B1E2EC50071C5CA /* CardStudyPage_Middle_Card_Quiz.swift in Sources */,
				888B57E82B1DAA9700117801 /* vocardApp.swift in Sources */,
				888B57F12B1DB53500117801 /* CardStudyPage_Bottom.swift in Sources */,
				8829CBE32B1F3CA50071C5CA /* CardsPage_Middle_CardScroll.swift in Sources */,
				888B57DB2B1DAA9600117801 /* Array+.swift in Sources */,
				888B57E02B1DAA9600117801 /* CardDataModel+Sample.swift in Sources */,
				88A7E8B32B1FBE8F00D6F570 /* QuizData+Predicate.swift in Sources */,
				8829CBBF2B1F003D0071C5CA /* CardStudyPage_Middle_Card.swift in Sources */,
				888B57D42B1DAA9600117801 /* MainPage_Middle.swift in Sources */,
				8829CBEB2B1F44CF0071C5CA /* CardsPage_Top.swift in Sources */,
				888B57DE2B1DAA9600117801 /* ReviewData.swift in Sources */,
				888B57F42B1DB53500117801 /* CardStudyPage.swift in Sources */,
				8829CBE52B1F44730071C5CA /* CardsPage.swift in Sources */,
				888B57D82B1DAA9600117801 /* SampleModelContainer.swift in Sources */,
				8829CBB92B1E29610071C5CA /* CardMovementModifier.swift in Sources */,
				888B57DF2B1DAA9600117801 /* CardData.swift in Sources */,
				888B57E22B1DAA9600117801 /* ExampleData.swift in Sources */,
				888B57D72B1DAA9600117801 /* MainPage_Top.swift in Sources */,
				888B57D62B1DAA9600117801 /* MainPage_Bottom_NextWord.swift in Sources */,
				8829CBEF2B1F6F6C0071C5CA /* CardsPage_Middle_CardView.swift in Sources */,
				888B57DC2B1DAA9600117801 /* Date+.swift in Sources */,
				888B57E32B1DAA9600117801 /* WordData.swift in Sources */,
				888B57DD2B1DAA9600117801 /* Array+CardDataModel.swift in Sources */,
				888B57F22B1DB53500117801 /* CardStudyPage_Middle_Card_Front.swift in Sources */,
				888B57F02B1DB53500117801 /* CardStudyPage_Top.swift in Sources */,
				888B57D22B1DAA9600117801 /* RootView.swift in Sources */,
				88C953D22B1FAD810037DB1F /* MeaningData+Predicate.swift in Sources */,
				888B57D32B1DAA9600117801 /* MainPage.swift in Sources */,
				888B57E62B1DAA9700117801 /* MeaningData.swift in Sources */,
				888B57D52B1DAA9600117801 /* MainPage_Middle_WeekChart.swift in Sources */,
				8829CBED2B1F46840071C5CA /* CardsPage_VM.swift in Sources */,
				8829CBE72B1F44B70071C5CA /* CardsPage_Middle_FilterSort.swift in Sources */,
				888B57E42B1DAA9700117801 /* QuizData.swift in Sources */,
				8829CBDF2B1F3B8C0071C5CA /* HistoryPage.swift in Sources */,
				888B57DA2B1DAA9600117801 /* Int+.swift in Sources */,
				8829CBBB2B1E2EB30071C5CA /* CardStudyPage_Middle_Card_Detail.swift in Sources */,
				88C953D42B1FADD70037DB1F /* WordData+Predicate.swift in Sources */,
				888B57E52B1DAA9700117801 /* IllustrationData.swift in Sources */,
				88C953D02B1FAD290037DB1F /* CardDataModel+Predicate.swift in Sources */,
				8829CBC12B1F1B570071C5CA /* CardStudyPageViewModel.swift in Sources */,
			);
			runOnlyForDeploymentPostprocessing = 0;
		};
/* End PBXSourcesBuildPhase section */

/* Begin XCBuildConfiguration section */
		883327332AE219E8003D3E6F /* Debug */ = {
			isa = XCBuildConfiguration;
			buildSettings = {
				ALWAYS_SEARCH_USER_PATHS = NO;
				ASSETCATALOG_COMPILER_GENERATE_SWIFT_ASSET_SYMBOL_EXTENSIONS = YES;
				CLANG_ANALYZER_NONNULL = YES;
				CLANG_ANALYZER_NUMBER_OBJECT_CONVERSION = YES_AGGRESSIVE;
				CLANG_CXX_LANGUAGE_STANDARD = "gnu++20";
				CLANG_ENABLE_MODULES = YES;
				CLANG_ENABLE_OBJC_ARC = YES;
				CLANG_ENABLE_OBJC_WEAK = YES;
				CLANG_WARN_BLOCK_CAPTURE_AUTORELEASING = YES;
				CLANG_WARN_BOOL_CONVERSION = YES;
				CLANG_WARN_COMMA = YES;
				CLANG_WARN_CONSTANT_CONVERSION = YES;
				CLANG_WARN_DEPRECATED_OBJC_IMPLEMENTATIONS = YES;
				CLANG_WARN_DIRECT_OBJC_ISA_USAGE = YES_ERROR;
				CLANG_WARN_DOCUMENTATION_COMMENTS = YES;
				CLANG_WARN_EMPTY_BODY = YES;
				CLANG_WARN_ENUM_CONVERSION = YES;
				CLANG_WARN_INFINITE_RECURSION = YES;
				CLANG_WARN_INT_CONVERSION = YES;
				CLANG_WARN_NON_LITERAL_NULL_CONVERSION = YES;
				CLANG_WARN_OBJC_IMPLICIT_RETAIN_SELF = YES;
				CLANG_WARN_OBJC_LITERAL_CONVERSION = YES;
				CLANG_WARN_OBJC_ROOT_CLASS = YES_ERROR;
				CLANG_WARN_QUOTED_INCLUDE_IN_FRAMEWORK_HEADER = YES;
				CLANG_WARN_RANGE_LOOP_ANALYSIS = YES;
				CLANG_WARN_STRICT_PROTOTYPES = YES;
				CLANG_WARN_SUSPICIOUS_MOVE = YES;
				CLANG_WARN_UNGUARDED_AVAILABILITY = YES_AGGRESSIVE;
				CLANG_WARN_UNREACHABLE_CODE = YES;
				CLANG_WARN__DUPLICATE_METHOD_MATCH = YES;
				COPY_PHASE_STRIP = NO;
				DEBUG_INFORMATION_FORMAT = dwarf;
				ENABLE_STRICT_OBJC_MSGSEND = YES;
				ENABLE_TESTABILITY = YES;
				ENABLE_USER_SCRIPT_SANDBOXING = YES;
				GCC_C_LANGUAGE_STANDARD = gnu17;
				GCC_DYNAMIC_NO_PIC = NO;
				GCC_NO_COMMON_BLOCKS = YES;
				GCC_OPTIMIZATION_LEVEL = 0;
				GCC_PREPROCESSOR_DEFINITIONS = (
					"DEBUG=1",
					"$(inherited)",
				);
				GCC_WARN_64_TO_32_BIT_CONVERSION = YES;
				GCC_WARN_ABOUT_RETURN_TYPE = YES_ERROR;
				GCC_WARN_UNDECLARED_SELECTOR = YES;
				GCC_WARN_UNINITIALIZED_AUTOS = YES_AGGRESSIVE;
				GCC_WARN_UNUSED_FUNCTION = YES;
				GCC_WARN_UNUSED_VARIABLE = YES;
				IPHONEOS_DEPLOYMENT_TARGET = 17.0;
				LOCALIZATION_PREFERS_STRING_CATALOGS = YES;
				MTL_ENABLE_DEBUG_INFO = INCLUDE_SOURCE;
				MTL_FAST_MATH = YES;
				ONLY_ACTIVE_ARCH = YES;
				SDKROOT = iphoneos;
				SWIFT_ACTIVE_COMPILATION_CONDITIONS = "DEBUG $(inherited)";
				SWIFT_OPTIMIZATION_LEVEL = "-Onone";
			};
			name = Debug;
		};
		883327342AE219E8003D3E6F /* Release */ = {
			isa = XCBuildConfiguration;
			buildSettings = {
				ALWAYS_SEARCH_USER_PATHS = NO;
				ASSETCATALOG_COMPILER_GENERATE_SWIFT_ASSET_SYMBOL_EXTENSIONS = YES;
				CLANG_ANALYZER_NONNULL = YES;
				CLANG_ANALYZER_NUMBER_OBJECT_CONVERSION = YES_AGGRESSIVE;
				CLANG_CXX_LANGUAGE_STANDARD = "gnu++20";
				CLANG_ENABLE_MODULES = YES;
				CLANG_ENABLE_OBJC_ARC = YES;
				CLANG_ENABLE_OBJC_WEAK = YES;
				CLANG_WARN_BLOCK_CAPTURE_AUTORELEASING = YES;
				CLANG_WARN_BOOL_CONVERSION = YES;
				CLANG_WARN_COMMA = YES;
				CLANG_WARN_CONSTANT_CONVERSION = YES;
				CLANG_WARN_DEPRECATED_OBJC_IMPLEMENTATIONS = YES;
				CLANG_WARN_DIRECT_OBJC_ISA_USAGE = YES_ERROR;
				CLANG_WARN_DOCUMENTATION_COMMENTS = YES;
				CLANG_WARN_EMPTY_BODY = YES;
				CLANG_WARN_ENUM_CONVERSION = YES;
				CLANG_WARN_INFINITE_RECURSION = YES;
				CLANG_WARN_INT_CONVERSION = YES;
				CLANG_WARN_NON_LITERAL_NULL_CONVERSION = YES;
				CLANG_WARN_OBJC_IMPLICIT_RETAIN_SELF = YES;
				CLANG_WARN_OBJC_LITERAL_CONVERSION = YES;
				CLANG_WARN_OBJC_ROOT_CLASS = YES_ERROR;
				CLANG_WARN_QUOTED_INCLUDE_IN_FRAMEWORK_HEADER = YES;
				CLANG_WARN_RANGE_LOOP_ANALYSIS = YES;
				CLANG_WARN_STRICT_PROTOTYPES = YES;
				CLANG_WARN_SUSPICIOUS_MOVE = YES;
				CLANG_WARN_UNGUARDED_AVAILABILITY = YES_AGGRESSIVE;
				CLANG_WARN_UNREACHABLE_CODE = YES;
				CLANG_WARN__DUPLICATE_METHOD_MATCH = YES;
				COPY_PHASE_STRIP = NO;
				DEBUG_INFORMATION_FORMAT = "dwarf-with-dsym";
				ENABLE_NS_ASSERTIONS = NO;
				ENABLE_STRICT_OBJC_MSGSEND = YES;
				ENABLE_USER_SCRIPT_SANDBOXING = YES;
				GCC_C_LANGUAGE_STANDARD = gnu17;
				GCC_NO_COMMON_BLOCKS = YES;
				GCC_WARN_64_TO_32_BIT_CONVERSION = YES;
				GCC_WARN_ABOUT_RETURN_TYPE = YES_ERROR;
				GCC_WARN_UNDECLARED_SELECTOR = YES;
				GCC_WARN_UNINITIALIZED_AUTOS = YES_AGGRESSIVE;
				GCC_WARN_UNUSED_FUNCTION = YES;
				GCC_WARN_UNUSED_VARIABLE = YES;
				IPHONEOS_DEPLOYMENT_TARGET = 17.0;
				LOCALIZATION_PREFERS_STRING_CATALOGS = YES;
				MTL_ENABLE_DEBUG_INFO = NO;
				MTL_FAST_MATH = YES;
				SDKROOT = iphoneos;
				SWIFT_COMPILATION_MODE = wholemodule;
				VALIDATE_PRODUCT = YES;
			};
			name = Release;
		};
		883327362AE219E8003D3E6F /* Debug */ = {
			isa = XCBuildConfiguration;
			buildSettings = {
				ASSETCATALOG_COMPILER_APPICON_NAME = AppIcon;
				ASSETCATALOG_COMPILER_GLOBAL_ACCENT_COLOR_NAME = AccentColor;
				CLANG_ENABLE_MODULES = YES;
				CODE_SIGN_STYLE = Automatic;
				CURRENT_PROJECT_VERSION = 1;
				DEVELOPMENT_ASSET_PATHS = "\"vocard/Preview Content\"";
				DEVELOPMENT_TEAM = 9KPHTM749M;
				ENABLE_PREVIEWS = YES;
				GENERATE_INFOPLIST_FILE = YES;
				INFOPLIST_KEY_UIApplicationSceneManifest_Generation = YES;
				INFOPLIST_KEY_UIApplicationSupportsIndirectInputEvents = YES;
				INFOPLIST_KEY_UILaunchScreen_Generation = YES;
				INFOPLIST_KEY_UISupportedInterfaceOrientations_iPad = "UIInterfaceOrientationPortrait UIInterfaceOrientationPortraitUpsideDown UIInterfaceOrientationLandscapeLeft UIInterfaceOrientationLandscapeRight";
				INFOPLIST_KEY_UISupportedInterfaceOrientations_iPhone = "UIInterfaceOrientationPortrait UIInterfaceOrientationLandscapeLeft UIInterfaceOrientationLandscapeRight";
				LD_RUNPATH_SEARCH_PATHS = (
					"$(inherited)",
					"@executable_path/Frameworks",
				);
				MARKETING_VERSION = 1.0;
				PRODUCT_BUNDLE_IDENTIFIER = com.windowcow.vocard;
				PRODUCT_NAME = "$(TARGET_NAME)";
				SWIFT_EMIT_LOC_STRINGS = YES;
				SWIFT_OBJC_BRIDGING_HEADER = "vocard/vocard-Bridging-Header.h";
				SWIFT_OPTIMIZATION_LEVEL = "-Onone";
				SWIFT_VERSION = 5.0;
				TARGETED_DEVICE_FAMILY = "1,2";
			};
			name = Debug;
		};
		883327372AE219E8003D3E6F /* Release */ = {
			isa = XCBuildConfiguration;
			buildSettings = {
				ASSETCATALOG_COMPILER_APPICON_NAME = AppIcon;
				ASSETCATALOG_COMPILER_GLOBAL_ACCENT_COLOR_NAME = AccentColor;
				CLANG_ENABLE_MODULES = YES;
				CODE_SIGN_STYLE = Automatic;
				CURRENT_PROJECT_VERSION = 1;
				DEVELOPMENT_ASSET_PATHS = "\"vocard/Preview Content\"";
				DEVELOPMENT_TEAM = 9KPHTM749M;
				ENABLE_PREVIEWS = YES;
				GENERATE_INFOPLIST_FILE = YES;
				INFOPLIST_KEY_UIApplicationSceneManifest_Generation = YES;
				INFOPLIST_KEY_UIApplicationSupportsIndirectInputEvents = YES;
				INFOPLIST_KEY_UILaunchScreen_Generation = YES;
				INFOPLIST_KEY_UISupportedInterfaceOrientations_iPad = "UIInterfaceOrientationPortrait UIInterfaceOrientationPortraitUpsideDown UIInterfaceOrientationLandscapeLeft UIInterfaceOrientationLandscapeRight";
				INFOPLIST_KEY_UISupportedInterfaceOrientations_iPhone = "UIInterfaceOrientationPortrait UIInterfaceOrientationLandscapeLeft UIInterfaceOrientationLandscapeRight";
				LD_RUNPATH_SEARCH_PATHS = (
					"$(inherited)",
					"@executable_path/Frameworks",
				);
				MARKETING_VERSION = 1.0;
				PRODUCT_BUNDLE_IDENTIFIER = com.windowcow.vocard;
				PRODUCT_NAME = "$(TARGET_NAME)";
				SWIFT_EMIT_LOC_STRINGS = YES;
				SWIFT_OBJC_BRIDGING_HEADER = "vocard/vocard-Bridging-Header.h";
				SWIFT_VERSION = 5.0;
				TARGETED_DEVICE_FAMILY = "1,2";
			};
			name = Release;
		};
/* End XCBuildConfiguration section */

/* Begin XCConfigurationList section */
		883327202AE219E7003D3E6F /* Build configuration list for PBXProject "vocard" */ = {
			isa = XCConfigurationList;
			buildConfigurations = (
				883327332AE219E8003D3E6F /* Debug */,
				883327342AE219E8003D3E6F /* Release */,
			);
			defaultConfigurationIsVisible = 0;
			defaultConfigurationName = Release;
		};
		883327352AE219E8003D3E6F /* Build configuration list for PBXNativeTarget "vocard" */ = {
			isa = XCConfigurationList;
			buildConfigurations = (
				883327362AE219E8003D3E6F /* Debug */,
				883327372AE219E8003D3E6F /* Release */,
			);
			defaultConfigurationIsVisible = 0;
			defaultConfigurationName = Release;
		};
/* End XCConfigurationList section */
	};
	rootObject = 8833271D2AE219E7003D3E6F /* Project object */;
}
