// !$*UTF8*$!
{
	archiveVersion = 1;
	classes = {
	};
	objectVersion = 56;
	objects = {

/* Begin PBXBuildFile section */
		8801CB1A2AF253E0008F6D8F /* MyPageView.swift in Sources */ = {isa = PBXBuildFile; fileRef = 8801CB132AF253E0008F6D8F /* MyPageView.swift */; };
		8801CB1B2AF253E0008F6D8F /* HomeView.swift in Sources */ = {isa = PBXBuildFile; fileRef = 8801CB142AF253E0008F6D8F /* HomeView.swift */; };
		8801CB1F2AF253E0008F6D8F /* Assets.xcassets in Resources */ = {isa = PBXBuildFile; fileRef = 8801CB182AF253E0008F6D8F /* Assets.xcassets */; };
		8801CB202AF253E0008F6D8F /* LoginView.swift in Sources */ = {isa = PBXBuildFile; fileRef = 8801CB192AF253E0008F6D8F /* LoginView.swift */; };
		8801CB2A2AF2568A008F6D8F /* CardDetailView.swift in Sources */ = {isa = PBXBuildFile; fileRef = 8801CB252AF2568A008F6D8F /* CardDetailView.swift */; };
		8801CB2B2AF2568A008F6D8F /* CardQuizView.swift in Sources */ = {isa = PBXBuildFile; fileRef = 8801CB262AF2568A008F6D8F /* CardQuizView.swift */; };
		8801CB3A2AF2576D008F6D8F /* CardBackShape.swift in Sources */ = {isa = PBXBuildFile; fileRef = 8801CB372AF2576D008F6D8F /* CardBackShape.swift */; };
		8801CB3B2AF2576D008F6D8F /* SubmitButtonShape.swift in Sources */ = {isa = PBXBuildFile; fileRef = 8801CB382AF2576D008F6D8F /* SubmitButtonShape.swift */; };
		8801CB3C2AF2576D008F6D8F /* CardFrontShape.swift in Sources */ = {isa = PBXBuildFile; fileRef = 8801CB362AF2576D008F6D8F /* CardFrontShape.swift */; };
		8801CB3D2AF2576D008F6D8F /* PassButtonShape.swift in Sources */ = {isa = PBXBuildFile; fileRef = 8801CB392AF2576D008F6D8F /* PassButtonShape.swift */; };
		880676CF2B145C45008DB812 /* Enums.swift in Sources */ = {isa = PBXBuildFile; fileRef = 880676CE2B145C45008DB812 /* Enums.swift */; };
		880676D32B145D04008DB812 /* CardPage.swift in Sources */ = {isa = PBXBuildFile; fileRef = 880676D22B145D04008DB812 /* CardPage.swift */; };
		880676D52B149C1F008DB812 /* MaxHeap.swift in Sources */ = {isa = PBXBuildFile; fileRef = 880676D42B149C1F008DB812 /* MaxHeap.swift */; };
		880676D82B149C47008DB812 /* Deck.swift in Sources */ = {isa = PBXBuildFile; fileRef = 880676D72B149C47008DB812 /* Deck.swift */; };
		881602D62B0353880026F5EB /* SampleContainer.swift in Sources */ = {isa = PBXBuildFile; fileRef = 881602D52B0353880026F5EB /* SampleContainer.swift */; };
		881602D82B0353C20026F5EB /* QuizDataModel.swift in Sources */ = {isa = PBXBuildFile; fileRef = 881602D72B0353C20026F5EB /* QuizDataModel.swift */; };
		88282B012AF5F12A00BADCBC /* AlarmPage.swift in Sources */ = {isa = PBXBuildFile; fileRef = 88282B002AF5F12A00BADCBC /* AlarmPage.swift */; };
		883327292AE219E7003D3E6F /* vocardApp.swift in Sources */ = {isa = PBXBuildFile; fileRef = 883327282AE219E7003D3E6F /* vocardApp.swift */; };
		8833273B2AE26203003D3E6F /* WordDataModel.swift in Sources */ = {isa = PBXBuildFile; fileRef = 8833273A2AE26203003D3E6F /* WordDataModel.swift */; };
		8843DD2E2AF4FEA90047FCF3 /* CardDetailAddView.swift in Sources */ = {isa = PBXBuildFile; fileRef = 8843DD2D2AF4FEA90047FCF3 /* CardDetailAddView.swift */; };
		8847B5C72AEBAC580026D8DF /* Preview Content in Resources */ = {isa = PBXBuildFile; fileRef = 8847B5C22AEBAC580026D8DF /* Preview Content */; };
		884A773E2AF62C3800FC5685 /* NextButtonShape.swift in Sources */ = {isa = PBXBuildFile; fileRef = 884A773D2AF62C3800FC5685 /* NextButtonShape.swift */; };
		887D0B4B2AEBD4F700231570 /* CardStudyPage.swift in Sources */ = {isa = PBXBuildFile; fileRef = 887D0B4A2AEBD4F700231570 /* CardStudyPage.swift */; };
		88925E6E2B05E2E50030B282 /* UserSettingsDataModel.swift in Sources */ = {isa = PBXBuildFile; fileRef = 88925E6D2B05E2E50030B282 /* UserSettingsDataModel.swift */; };
		88925E702B05EC080030B282 /* Array+Extensions.swift in Sources */ = {isa = PBXBuildFile; fileRef = 88925E6F2B05EC080030B282 /* Array+Extensions.swift */; };
		88925E722B05F7940030B282 /* DeckDataModel.swift in Sources */ = {isa = PBXBuildFile; fileRef = 88925E712B05F7940030B282 /* DeckDataModel.swift */; };
		889A4C672B18AEE0001DD924 /* MainPage.swift in Sources */ = {isa = PBXBuildFile; fileRef = 889A4C662B18AEE0001DD924 /* MainPage.swift */; };
		88ABCA762AF9E55A00A7978F /* CardBackgroundView.swift in Sources */ = {isa = PBXBuildFile; fileRef = 88ABCA752AF9E55A00A7978F /* CardBackgroundView.swift */; };
		88ABCA7E2AFE8B0F00A7978F /* View-Extensions.swift in Sources */ = {isa = PBXBuildFile; fileRef = 88ABCA7D2AFE8B0F00A7978F /* View-Extensions.swift */; };
		88B2D2892AF86DD60055BAC7 /* CardSide.swift in Sources */ = {isa = PBXBuildFile; fileRef = 88B2D2882AF86DD60055BAC7 /* CardSide.swift */; };
/* End PBXBuildFile section */

/* Begin PBXFileReference section */
		8801CB132AF253E0008F6D8F /* MyPageView.swift */ = {isa = PBXFileReference; fileEncoding = 4; lastKnownFileType = sourcecode.swift; path = MyPageView.swift; sourceTree = "<group>"; };
		8801CB142AF253E0008F6D8F /* HomeView.swift */ = {isa = PBXFileReference; fileEncoding = 4; lastKnownFileType = sourcecode.swift; path = HomeView.swift; sourceTree = "<group>"; };
		8801CB182AF253E0008F6D8F /* Assets.xcassets */ = {isa = PBXFileReference; lastKnownFileType = folder.assetcatalog; path = Assets.xcassets; sourceTree = "<group>"; };
		8801CB192AF253E0008F6D8F /* LoginView.swift */ = {isa = PBXFileReference; fileEncoding = 4; lastKnownFileType = sourcecode.swift; path = LoginView.swift; sourceTree = "<group>"; };
		8801CB252AF2568A008F6D8F /* CardDetailView.swift */ = {isa = PBXFileReference; lastKnownFileType = sourcecode.swift; path = CardDetailView.swift; sourceTree = "<group>"; };
		8801CB262AF2568A008F6D8F /* CardQuizView.swift */ = {isa = PBXFileReference; lastKnownFileType = sourcecode.swift; path = CardQuizView.swift; sourceTree = "<group>"; };
		8801CB362AF2576D008F6D8F /* CardFrontShape.swift */ = {isa = PBXFileReference; lastKnownFileType = sourcecode.swift; path = CardFrontShape.swift; sourceTree = "<group>"; };
		8801CB372AF2576D008F6D8F /* CardBackShape.swift */ = {isa = PBXFileReference; lastKnownFileType = sourcecode.swift; path = CardBackShape.swift; sourceTree = "<group>"; };
		8801CB382AF2576D008F6D8F /* SubmitButtonShape.swift */ = {isa = PBXFileReference; lastKnownFileType = sourcecode.swift; path = SubmitButtonShape.swift; sourceTree = "<group>"; };
		8801CB392AF2576D008F6D8F /* PassButtonShape.swift */ = {isa = PBXFileReference; lastKnownFileType = sourcecode.swift; path = PassButtonShape.swift; sourceTree = "<group>"; };
		880676CE2B145C45008DB812 /* Enums.swift */ = {isa = PBXFileReference; lastKnownFileType = sourcecode.swift; path = Enums.swift; sourceTree = "<group>"; };
		880676D22B145D04008DB812 /* CardPage.swift */ = {isa = PBXFileReference; lastKnownFileType = sourcecode.swift; path = CardPage.swift; sourceTree = "<group>"; };
		880676D42B149C1F008DB812 /* MaxHeap.swift */ = {isa = PBXFileReference; lastKnownFileType = sourcecode.swift; path = MaxHeap.swift; sourceTree = "<group>"; };
		880676D72B149C47008DB812 /* Deck.swift */ = {isa = PBXFileReference; lastKnownFileType = sourcecode.swift; path = Deck.swift; sourceTree = "<group>"; };
		881602D52B0353880026F5EB /* SampleContainer.swift */ = {isa = PBXFileReference; lastKnownFileType = sourcecode.swift; path = SampleContainer.swift; sourceTree = "<group>"; };
		881602D72B0353C20026F5EB /* QuizDataModel.swift */ = {isa = PBXFileReference; lastKnownFileType = sourcecode.swift; path = QuizDataModel.swift; sourceTree = "<group>"; };
		88282B002AF5F12A00BADCBC /* AlarmPage.swift */ = {isa = PBXFileReference; lastKnownFileType = sourcecode.swift; path = AlarmPage.swift; sourceTree = "<group>"; };
		883327252AE219E7003D3E6F /* vocard.app */ = {isa = PBXFileReference; explicitFileType = wrapper.application; includeInIndex = 0; path = vocard.app; sourceTree = BUILT_PRODUCTS_DIR; };
		883327282AE219E7003D3E6F /* vocardApp.swift */ = {isa = PBXFileReference; lastKnownFileType = sourcecode.swift; path = vocardApp.swift; sourceTree = "<group>"; };
		8833273A2AE26203003D3E6F /* WordDataModel.swift */ = {isa = PBXFileReference; lastKnownFileType = sourcecode.swift; path = WordDataModel.swift; sourceTree = "<group>"; };
		8843DD2D2AF4FEA90047FCF3 /* CardDetailAddView.swift */ = {isa = PBXFileReference; lastKnownFileType = sourcecode.swift; path = CardDetailAddView.swift; sourceTree = "<group>"; };
		8847B5C22AEBAC580026D8DF /* Preview Content */ = {isa = PBXFileReference; lastKnownFileType = folder; path = "Preview Content"; sourceTree = "<group>"; };
		884A773D2AF62C3800FC5685 /* NextButtonShape.swift */ = {isa = PBXFileReference; lastKnownFileType = sourcecode.swift; path = NextButtonShape.swift; sourceTree = "<group>"; };
		887D0B4A2AEBD4F700231570 /* CardStudyPage.swift */ = {isa = PBXFileReference; lastKnownFileType = sourcecode.swift; path = CardStudyPage.swift; sourceTree = "<group>"; };
		88925E6D2B05E2E50030B282 /* UserSettingsDataModel.swift */ = {isa = PBXFileReference; lastKnownFileType = sourcecode.swift; path = UserSettingsDataModel.swift; sourceTree = "<group>"; };
		88925E6F2B05EC080030B282 /* Array+Extensions.swift */ = {isa = PBXFileReference; lastKnownFileType = sourcecode.swift; path = "Array+Extensions.swift"; sourceTree = "<group>"; };
		88925E712B05F7940030B282 /* DeckDataModel.swift */ = {isa = PBXFileReference; lastKnownFileType = sourcecode.swift; path = DeckDataModel.swift; sourceTree = "<group>"; };
		889A4C662B18AEE0001DD924 /* MainPage.swift */ = {isa = PBXFileReference; lastKnownFileType = sourcecode.swift; path = MainPage.swift; sourceTree = "<group>"; };
		88ABCA752AF9E55A00A7978F /* CardBackgroundView.swift */ = {isa = PBXFileReference; lastKnownFileType = sourcecode.swift; path = CardBackgroundView.swift; sourceTree = "<group>"; };
		88ABCA7D2AFE8B0F00A7978F /* View-Extensions.swift */ = {isa = PBXFileReference; lastKnownFileType = sourcecode.swift; path = "View-Extensions.swift"; sourceTree = "<group>"; };
		88B2D2882AF86DD60055BAC7 /* CardSide.swift */ = {isa = PBXFileReference; lastKnownFileType = sourcecode.swift; path = CardSide.swift; sourceTree = "<group>"; };
/* End PBXFileReference section */

/* Begin PBXFrameworksBuildPhase section */
		883327222AE219E7003D3E6F /* Frameworks */ = {
			isa = PBXFrameworksBuildPhase;
			buildActionMask = 2147483647;
			files = (
			);
			runOnlyForDeploymentPostprocessing = 0;
		};
/* End PBXFrameworksBuildPhase section */

/* Begin PBXGroup section */
		8801CB352AF256F2008F6D8F /* CardView */ = {
			isa = PBXGroup;
			children = (
				887D0B4A2AEBD4F700231570 /* CardStudyPage.swift */,
				8801CB252AF2568A008F6D8F /* CardDetailView.swift */,
				8801CB262AF2568A008F6D8F /* CardQuizView.swift */,
				8843DD2D2AF4FEA90047FCF3 /* CardDetailAddView.swift */,
				88ABCA752AF9E55A00A7978F /* CardBackgroundView.swift */,
				88B2D2882AF86DD60055BAC7 /* CardSide.swift */,
			);
			path = CardView;
			sourceTree = "<group>";
		};
		8801CB3E2AF2577F008F6D8F /* Shapes */ = {
			isa = PBXGroup;
			children = (
				8801CB372AF2576D008F6D8F /* CardBackShape.swift */,
				8801CB362AF2576D008F6D8F /* CardFrontShape.swift */,
				8801CB392AF2576D008F6D8F /* PassButtonShape.swift */,
				8801CB382AF2576D008F6D8F /* SubmitButtonShape.swift */,
				884A773D2AF62C3800FC5685 /* NextButtonShape.swift */,
			);
			path = Shapes;
			sourceTree = "<group>";
		};
		880676CD2B145C19008DB812 /* Enums */ = {
			isa = PBXGroup;
			children = (
				880676CE2B145C45008DB812 /* Enums.swift */,
			);
			path = Enums;
			sourceTree = "<group>";
		};
		880676D62B149C27008DB812 /* DataStructure */ = {
			isa = PBXGroup;
			children = (
				880676D42B149C1F008DB812 /* MaxHeap.swift */,
			);
			path = DataStructure;
			sourceTree = "<group>";
		};
		881602D42B03536C0026F5EB /* DataManagement */ = {
			isa = PBXGroup;
			children = (
				885B11462B03611000D6357A /* SwiftData */,
				885B11452B03603900D6357A /* Observable */,
				880676D62B149C27008DB812 /* DataStructure */,
			);
			path = DataManagement;
			sourceTree = "<group>";
		};
		8833271C2AE219E7003D3E6F = {
			isa = PBXGroup;
			children = (
				883327272AE219E7003D3E6F /* vocard */,
				883327262AE219E7003D3E6F /* Products */,
			);
			sourceTree = "<group>";
		};
		883327262AE219E7003D3E6F /* Products */ = {
			isa = PBXGroup;
			children = (
				883327252AE219E7003D3E6F /* vocard.app */,
			);
			name = Products;
			sourceTree = "<group>";
		};
		883327272AE219E7003D3E6F /* vocard */ = {
			isa = PBXGroup;
			children = (
				883327282AE219E7003D3E6F /* vocardApp.swift */,
				881602D42B03536C0026F5EB /* DataManagement */,
				88ABCA7F2AFE8B1F00A7978F /* View-Extensions */,
				8801CB3E2AF2577F008F6D8F /* Shapes */,
				8801CB352AF256F2008F6D8F /* CardView */,
				8801CB182AF253E0008F6D8F /* Assets.xcassets */,
				8801CB192AF253E0008F6D8F /* LoginView.swift */,
				8801CB142AF253E0008F6D8F /* HomeView.swift */,
				8801CB132AF253E0008F6D8F /* MyPageView.swift */,
				88282B002AF5F12A00BADCBC /* AlarmPage.swift */,
				8847B5C22AEBAC580026D8DF /* Preview Content */,
				880676D22B145D04008DB812 /* CardPage.swift */,
				889A4C662B18AEE0001DD924 /* MainPage.swift */,
				880676CD2B145C19008DB812 /* Enums */,
			);
			path = vocard;
			sourceTree = "<group>";
		};
		885B11452B03603900D6357A /* Observable */ = {
			isa = PBXGroup;
			children = (
			);
			path = Observable;
			sourceTree = "<group>";
		};
		885B11462B03611000D6357A /* SwiftData */ = {
			isa = PBXGroup;
			children = (
				881602D52B0353880026F5EB /* SampleContainer.swift */,
				88925E6D2B05E2E50030B282 /* UserSettingsDataModel.swift */,
				8833273A2AE26203003D3E6F /* WordDataModel.swift */,
				880676D72B149C47008DB812 /* Deck.swift */,
				881602D72B0353C20026F5EB /* QuizDataModel.swift */,
				88925E712B05F7940030B282 /* DeckDataModel.swift */,
			);
			path = SwiftData;
			sourceTree = "<group>";
		};
		88ABCA7F2AFE8B1F00A7978F /* View-Extensions */ = {
			isa = PBXGroup;
			children = (
				88ABCA7D2AFE8B0F00A7978F /* View-Extensions.swift */,
				88925E6F2B05EC080030B282 /* Array+Extensions.swift */,
			);
			path = "View-Extensions";
			sourceTree = "<group>";
		};
/* End PBXGroup section */

/* Begin PBXNativeTarget section */
		883327242AE219E7003D3E6F /* vocard */ = {
			isa = PBXNativeTarget;
			buildConfigurationList = 883327352AE219E8003D3E6F /* Build configuration list for PBXNativeTarget "vocard" */;
			buildPhases = (
				883327212AE219E7003D3E6F /* Sources */,
				883327222AE219E7003D3E6F /* Frameworks */,
				883327232AE219E7003D3E6F /* Resources */,
			);
			buildRules = (
			);
			dependencies = (
			);
			name = vocard;
			productName = vocard;
			productReference = 883327252AE219E7003D3E6F /* vocard.app */;
			productType = "com.apple.product-type.application";
		};
/* End PBXNativeTarget section */

/* Begin PBXProject section */
		8833271D2AE219E7003D3E6F /* Project object */ = {
			isa = PBXProject;
			attributes = {
				BuildIndependentTargetsInParallel = 1;
				LastSwiftUpdateCheck = 1500;
				LastUpgradeCheck = 1500;
				TargetAttributes = {
					883327242AE219E7003D3E6F = {
						CreatedOnToolsVersion = 15.0;
					};
				};
			};
			buildConfigurationList = 883327202AE219E7003D3E6F /* Build configuration list for PBXProject "vocard" */;
			compatibilityVersion = "Xcode 14.0";
			developmentRegion = en;
			hasScannedForEncodings = 0;
			knownRegions = (
				en,
				Base,
			);
			mainGroup = 8833271C2AE219E7003D3E6F;
			productRefGroup = 883327262AE219E7003D3E6F /* Products */;
			projectDirPath = "";
			projectRoot = "";
			targets = (
				883327242AE219E7003D3E6F /* vocard */,
			);
		};
/* End PBXProject section */

/* Begin PBXResourcesBuildPhase section */
		883327232AE219E7003D3E6F /* Resources */ = {
			isa = PBXResourcesBuildPhase;
			buildActionMask = 2147483647;
			files = (
				8847B5C72AEBAC580026D8DF /* Preview Content in Resources */,
				8801CB1F2AF253E0008F6D8F /* Assets.xcassets in Resources */,
			);
			runOnlyForDeploymentPostprocessing = 0;
		};
/* End PBXResourcesBuildPhase section */

/* Begin PBXSourcesBuildPhase section */
		883327212AE219E7003D3E6F /* Sources */ = {
			isa = PBXSourcesBuildPhase;
			buildActionMask = 2147483647;
			files = (
				88ABCA7E2AFE8B0F00A7978F /* View-Extensions.swift in Sources */,
				8801CB2A2AF2568A008F6D8F /* CardDetailView.swift in Sources */,
				88925E6E2B05E2E50030B282 /* UserSettingsDataModel.swift in Sources */,
				88ABCA762AF9E55A00A7978F /* CardBackgroundView.swift in Sources */,
				881602D62B0353880026F5EB /* SampleContainer.swift in Sources */,
				88282B012AF5F12A00BADCBC /* AlarmPage.swift in Sources */,
				8801CB3C2AF2576D008F6D8F /* CardFrontShape.swift in Sources */,
				88925E702B05EC080030B282 /* Array+Extensions.swift in Sources */,
				8801CB2B2AF2568A008F6D8F /* CardQuizView.swift in Sources */,
				8801CB1A2AF253E0008F6D8F /* MyPageView.swift in Sources */,
				881602D82B0353C20026F5EB /* QuizDataModel.swift in Sources */,
				8801CB3B2AF2576D008F6D8F /* SubmitButtonShape.swift in Sources */,
				88925E722B05F7940030B282 /* DeckDataModel.swift in Sources */,
				8833273B2AE26203003D3E6F /* WordDataModel.swift in Sources */,
				880676D52B149C1F008DB812 /* MaxHeap.swift in Sources */,
				887D0B4B2AEBD4F700231570 /* CardStudyPage.swift in Sources */,
				88B2D2892AF86DD60055BAC7 /* CardSide.swift in Sources */,
				8843DD2E2AF4FEA90047FCF3 /* CardDetailAddView.swift in Sources */,
				880676D82B149C47008DB812 /* Deck.swift in Sources */,
				889A4C672B18AEE0001DD924 /* MainPage.swift in Sources */,
				8801CB202AF253E0008F6D8F /* LoginView.swift in Sources */,
				8801CB3A2AF2576D008F6D8F /* CardBackShape.swift in Sources */,
				884A773E2AF62C3800FC5685 /* NextButtonShape.swift in Sources */,
				8801CB3D2AF2576D008F6D8F /* PassButtonShape.swift in Sources */,
				880676D32B145D04008DB812 /* CardPage.swift in Sources */,
				8801CB1B2AF253E0008F6D8F /* HomeView.swift in Sources */,
				880676CF2B145C45008DB812 /* Enums.swift in Sources */,
				883327292AE219E7003D3E6F /* vocardApp.swift in Sources */,
			);
			runOnlyForDeploymentPostprocessing = 0;
		};
/* End PBXSourcesBuildPhase section */

/* Begin XCBuildConfiguration section */
		883327332AE219E8003D3E6F /* Debug */ = {
			isa = XCBuildConfiguration;
			buildSettings = {
				ALWAYS_SEARCH_USER_PATHS = NO;
				ASSETCATALOG_COMPILER_GENERATE_SWIFT_ASSET_SYMBOL_EXTENSIONS = YES;
				CLANG_ANALYZER_NONNULL = YES;
				CLANG_ANALYZER_NUMBER_OBJECT_CONVERSION = YES_AGGRESSIVE;
				CLANG_CXX_LANGUAGE_STANDARD = "gnu++20";
				CLANG_ENABLE_MODULES = YES;
				CLANG_ENABLE_OBJC_ARC = YES;
				CLANG_ENABLE_OBJC_WEAK = YES;
				CLANG_WARN_BLOCK_CAPTURE_AUTORELEASING = YES;
				CLANG_WARN_BOOL_CONVERSION = YES;
				CLANG_WARN_COMMA = YES;
				CLANG_WARN_CONSTANT_CONVERSION = YES;
				CLANG_WARN_DEPRECATED_OBJC_IMPLEMENTATIONS = YES;
				CLANG_WARN_DIRECT_OBJC_ISA_USAGE = YES_ERROR;
				CLANG_WARN_DOCUMENTATION_COMMENTS = YES;
				CLANG_WARN_EMPTY_BODY = YES;
				CLANG_WARN_ENUM_CONVERSION = YES;
				CLANG_WARN_INFINITE_RECURSION = YES;
				CLANG_WARN_INT_CONVERSION = YES;
				CLANG_WARN_NON_LITERAL_NULL_CONVERSION = YES;
				CLANG_WARN_OBJC_IMPLICIT_RETAIN_SELF = YES;
				CLANG_WARN_OBJC_LITERAL_CONVERSION = YES;
				CLANG_WARN_OBJC_ROOT_CLASS = YES_ERROR;
				CLANG_WARN_QUOTED_INCLUDE_IN_FRAMEWORK_HEADER = YES;
				CLANG_WARN_RANGE_LOOP_ANALYSIS = YES;
				CLANG_WARN_STRICT_PROTOTYPES = YES;
				CLANG_WARN_SUSPICIOUS_MOVE = YES;
				CLANG_WARN_UNGUARDED_AVAILABILITY = YES_AGGRESSIVE;
				CLANG_WARN_UNREACHABLE_CODE = YES;
				CLANG_WARN__DUPLICATE_METHOD_MATCH = YES;
				COPY_PHASE_STRIP = NO;
				DEBUG_INFORMATION_FORMAT = dwarf;
				ENABLE_STRICT_OBJC_MSGSEND = YES;
				ENABLE_TESTABILITY = YES;
				ENABLE_USER_SCRIPT_SANDBOXING = YES;
				GCC_C_LANGUAGE_STANDARD = gnu17;
				GCC_DYNAMIC_NO_PIC = NO;
				GCC_NO_COMMON_BLOCKS = YES;
				GCC_OPTIMIZATION_LEVEL = 0;
				GCC_PREPROCESSOR_DEFINITIONS = (
					"DEBUG=1",
					"$(inherited)",
				);
				GCC_WARN_64_TO_32_BIT_CONVERSION = YES;
				GCC_WARN_ABOUT_RETURN_TYPE = YES_ERROR;
				GCC_WARN_UNDECLARED_SELECTOR = YES;
				GCC_WARN_UNINITIALIZED_AUTOS = YES_AGGRESSIVE;
				GCC_WARN_UNUSED_FUNCTION = YES;
				GCC_WARN_UNUSED_VARIABLE = YES;
				IPHONEOS_DEPLOYMENT_TARGET = 17.0;
				LOCALIZATION_PREFERS_STRING_CATALOGS = YES;
				MTL_ENABLE_DEBUG_INFO = INCLUDE_SOURCE;
				MTL_FAST_MATH = YES;
				ONLY_ACTIVE_ARCH = YES;
				SDKROOT = iphoneos;
				SWIFT_ACTIVE_COMPILATION_CONDITIONS = "DEBUG $(inherited)";
				SWIFT_OPTIMIZATION_LEVEL = "-Onone";
			};
			name = Debug;
		};
		883327342AE219E8003D3E6F /* Release */ = {
			isa = XCBuildConfiguration;
			buildSettings = {
				ALWAYS_SEARCH_USER_PATHS = NO;
				ASSETCATALOG_COMPILER_GENERATE_SWIFT_ASSET_SYMBOL_EXTENSIONS = YES;
				CLANG_ANALYZER_NONNULL = YES;
				CLANG_ANALYZER_NUMBER_OBJECT_CONVERSION = YES_AGGRESSIVE;
				CLANG_CXX_LANGUAGE_STANDARD = "gnu++20";
				CLANG_ENABLE_MODULES = YES;
				CLANG_ENABLE_OBJC_ARC = YES;
				CLANG_ENABLE_OBJC_WEAK = YES;
				CLANG_WARN_BLOCK_CAPTURE_AUTORELEASING = YES;
				CLANG_WARN_BOOL_CONVERSION = YES;
				CLANG_WARN_COMMA = YES;
				CLANG_WARN_CONSTANT_CONVERSION = YES;
				CLANG_WARN_DEPRECATED_OBJC_IMPLEMENTATIONS = YES;
				CLANG_WARN_DIRECT_OBJC_ISA_USAGE = YES_ERROR;
				CLANG_WARN_DOCUMENTATION_COMMENTS = YES;
				CLANG_WARN_EMPTY_BODY = YES;
				CLANG_WARN_ENUM_CONVERSION = YES;
				CLANG_WARN_INFINITE_RECURSION = YES;
				CLANG_WARN_INT_CONVERSION = YES;
				CLANG_WARN_NON_LITERAL_NULL_CONVERSION = YES;
				CLANG_WARN_OBJC_IMPLICIT_RETAIN_SELF = YES;
				CLANG_WARN_OBJC_LITERAL_CONVERSION = YES;
				CLANG_WARN_OBJC_ROOT_CLASS = YES_ERROR;
				CLANG_WARN_QUOTED_INCLUDE_IN_FRAMEWORK_HEADER = YES;
				CLANG_WARN_RANGE_LOOP_ANALYSIS = YES;
				CLANG_WARN_STRICT_PROTOTYPES = YES;
				CLANG_WARN_SUSPICIOUS_MOVE = YES;
				CLANG_WARN_UNGUARDED_AVAILABILITY = YES_AGGRESSIVE;
				CLANG_WARN_UNREACHABLE_CODE = YES;
				CLANG_WARN__DUPLICATE_METHOD_MATCH = YES;
				COPY_PHASE_STRIP = NO;
				DEBUG_INFORMATION_FORMAT = "dwarf-with-dsym";
				ENABLE_NS_ASSERTIONS = NO;
				ENABLE_STRICT_OBJC_MSGSEND = YES;
				ENABLE_USER_SCRIPT_SANDBOXING = YES;
				GCC_C_LANGUAGE_STANDARD = gnu17;
				GCC_NO_COMMON_BLOCKS = YES;
				GCC_WARN_64_TO_32_BIT_CONVERSION = YES;
				GCC_WARN_ABOUT_RETURN_TYPE = YES_ERROR;
				GCC_WARN_UNDECLARED_SELECTOR = YES;
				GCC_WARN_UNINITIALIZED_AUTOS = YES_AGGRESSIVE;
				GCC_WARN_UNUSED_FUNCTION = YES;
				GCC_WARN_UNUSED_VARIABLE = YES;
				IPHONEOS_DEPLOYMENT_TARGET = 17.0;
				LOCALIZATION_PREFERS_STRING_CATALOGS = YES;
				MTL_ENABLE_DEBUG_INFO = NO;
				MTL_FAST_MATH = YES;
				SDKROOT = iphoneos;
				SWIFT_COMPILATION_MODE = wholemodule;
				VALIDATE_PRODUCT = YES;
			};
			name = Release;
		};
		883327362AE219E8003D3E6F /* Debug */ = {
			isa = XCBuildConfiguration;
			buildSettings = {
				ASSETCATALOG_COMPILER_APPICON_NAME = AppIcon;
				ASSETCATALOG_COMPILER_GLOBAL_ACCENT_COLOR_NAME = AccentColor;
				CODE_SIGN_STYLE = Automatic;
				CURRENT_PROJECT_VERSION = 1;
				DEVELOPMENT_ASSET_PATHS = "\"vocard/Preview Content\"";
				DEVELOPMENT_TEAM = 9KPHTM749M;
				ENABLE_PREVIEWS = YES;
				GENERATE_INFOPLIST_FILE = YES;
				INFOPLIST_KEY_UIApplicationSceneManifest_Generation = YES;
				INFOPLIST_KEY_UIApplicationSupportsIndirectInputEvents = YES;
				INFOPLIST_KEY_UILaunchScreen_Generation = YES;
				INFOPLIST_KEY_UISupportedInterfaceOrientations_iPad = "UIInterfaceOrientationPortrait UIInterfaceOrientationPortraitUpsideDown UIInterfaceOrientationLandscapeLeft UIInterfaceOrientationLandscapeRight";
				INFOPLIST_KEY_UISupportedInterfaceOrientations_iPhone = "UIInterfaceOrientationPortrait UIInterfaceOrientationLandscapeLeft UIInterfaceOrientationLandscapeRight";
				LD_RUNPATH_SEARCH_PATHS = (
					"$(inherited)",
					"@executable_path/Frameworks",
				);
				MARKETING_VERSION = 1.0;
				PRODUCT_BUNDLE_IDENTIFIER = com.windowcow.vocard;
				PRODUCT_NAME = "$(TARGET_NAME)";
				SWIFT_EMIT_LOC_STRINGS = YES;
				SWIFT_VERSION = 5.0;
				TARGETED_DEVICE_FAMILY = "1,2";
			};
			name = Debug;
		};
		883327372AE219E8003D3E6F /* Release */ = {
			isa = XCBuildConfiguration;
			buildSettings = {
				ASSETCATALOG_COMPILER_APPICON_NAME = AppIcon;
				ASSETCATALOG_COMPILER_GLOBAL_ACCENT_COLOR_NAME = AccentColor;
				CODE_SIGN_STYLE = Automatic;
				CURRENT_PROJECT_VERSION = 1;
				DEVELOPMENT_ASSET_PATHS = "\"vocard/Preview Content\"";
				DEVELOPMENT_TEAM = 9KPHTM749M;
				ENABLE_PREVIEWS = YES;
				GENERATE_INFOPLIST_FILE = YES;
				INFOPLIST_KEY_UIApplicationSceneManifest_Generation = YES;
				INFOPLIST_KEY_UIApplicationSupportsIndirectInputEvents = YES;
				INFOPLIST_KEY_UILaunchScreen_Generation = YES;
				INFOPLIST_KEY_UISupportedInterfaceOrientations_iPad = "UIInterfaceOrientationPortrait UIInterfaceOrientationPortraitUpsideDown UIInterfaceOrientationLandscapeLeft UIInterfaceOrientationLandscapeRight";
				INFOPLIST_KEY_UISupportedInterfaceOrientations_iPhone = "UIInterfaceOrientationPortrait UIInterfaceOrientationLandscapeLeft UIInterfaceOrientationLandscapeRight";
				LD_RUNPATH_SEARCH_PATHS = (
					"$(inherited)",
					"@executable_path/Frameworks",
				);
				MARKETING_VERSION = 1.0;
				PRODUCT_BUNDLE_IDENTIFIER = com.windowcow.vocard;
				PRODUCT_NAME = "$(TARGET_NAME)";
				SWIFT_EMIT_LOC_STRINGS = YES;
				SWIFT_VERSION = 5.0;
				TARGETED_DEVICE_FAMILY = "1,2";
			};
			name = Release;
		};
/* End XCBuildConfiguration section */

/* Begin XCConfigurationList section */
		883327202AE219E7003D3E6F /* Build configuration list for PBXProject "vocard" */ = {
			isa = XCConfigurationList;
			buildConfigurations = (
				883327332AE219E8003D3E6F /* Debug */,
				883327342AE219E8003D3E6F /* Release */,
			);
			defaultConfigurationIsVisible = 0;
			defaultConfigurationName = Release;
		};
		883327352AE219E8003D3E6F /* Build configuration list for PBXNativeTarget "vocard" */ = {
			isa = XCConfigurationList;
			buildConfigurations = (
				883327362AE219E8003D3E6F /* Debug */,
				883327372AE219E8003D3E6F /* Release */,
			);
			defaultConfigurationIsVisible = 0;
			defaultConfigurationName = Release;
		};
/* End XCConfigurationList section */
	};
	rootObject = 8833271D2AE219E7003D3E6F /* Project object */;
}
